Microsoft Visual Studio Solution File, Format Version 11.00
# Visual Studio 2008

Project("{BEE032F2-32AD-E3D1-5D64-0716B6A2DC48}") = "Fill That Hole!", "Assembly-CSharp.csproj", "{46934041-7ECE-5F97-AE44-56ECDFA95654}"
EndProject
Global
	GlobalSection(SolutionConfigurationPlatforms) = preSolution
		Debug|Any CPU = Debug|Any CPU
		Release|Any CPU = Release|Any CPU
	EndGlobalSection
	GlobalSection(ProjectConfigurationPlatforms) = postSolution
		{46934041-7ECE-5F97-AE44-56ECDFA95654}.Debug|Any CPU.ActiveCfg = Debug|Any CPU
		{46934041-7ECE-5F97-AE44-56ECDFA95654}.Debug|Any CPU.Build.0 = Debug|Any CPU
		{46934041-7ECE-5F97-AE44-56ECDFA95654}.Release|Any CPU.ActiveCfg = Release|Any CPU
		{46934041-7ECE-5F97-AE44-56ECDFA95654}.Release|Any CPU.Build.0 = Release|Any CPU
	EndGlobalSection
	GlobalSection(SolutionProperties) = preSolution
		HideSolutionNode = FALSE
	EndGlobalSection
	GlobalSection(MonoDevelopProperties) = preSolution
		StartupItem = Assembly-CSharp.csproj
	EndGlobalSection
EndGlobal
